
Microsoft Visual Studio Solution File, Format Version 12.00
# Visual Studio 2013
VisualStudioVersion = 12.0.21005.1
MinimumVisualStudioVersion = 10.0.40219.1
Project("{2150E333-8FDC-42A3-9474-1A3956D46DE8}") = "创建型模式", "创建型模式", "{8F3850D9-819F-4B17-BAA2-B5FAC67769E1}"
EndProject
Project("{2150E333-8FDC-42A3-9474-1A3956D46DE8}") = "结构性模式", "结构性模式", "{A4695F6A-32FF-4388-AF7A-75051ACD714D}"
EndProject
Project("{2150E333-8FDC-42A3-9474-1A3956D46DE8}") = "行为型模式", "行为型模式", "{66E66ED2-289E-4F1D-8256-298E0EF1DD40}"
EndProject
Project("{FAE04EC0-301F-11D3-BF4B-00C04F79EFBC}") = "1.单例模式", "1单例模式\1.单例模式.csproj", "{1AF9F948-892D-4EAF-8F68-3EB8FC42C4A3}"
EndProject
Project("{FAE04EC0-301F-11D3-BF4B-00C04F79EFBC}") = "2.简单工厂", "2.简单工厂\2.简单工厂.csproj", "{2A519B2A-E1FE-42CD-972F-3EDF5BA5347C}"
EndProject
Project("{FAE04EC0-301F-11D3-BF4B-00C04F79EFBC}") = "3.工厂方法", "3.工厂方法\3.工厂方法.csproj", "{F9EE7CC9-605B-4B47-8D6F-BB54117439F9}"
EndProject
Project("{FAE04EC0-301F-11D3-BF4B-00C04F79EFBC}") = "4.抽象工厂", "4.抽象工厂\4.抽象工厂.csproj", "{60D7ADEC-3B21-4FCB-BF0C-EAE0A0BE9E77}"
EndProject
Project("{FAE04EC0-301F-11D3-BF4B-00C04F79EFBC}") = "6.建造者模式", "建造者模式\6.建造者模式.csproj", "{81EA3ACB-EA94-4C3E-A08F-7EE7DCB3340F}"
EndProject
Project("{FAE04EC0-301F-11D3-BF4B-00C04F79EFBC}") = "Utility", "Utility\Utility.csproj", "{3ECE8DFC-631A-4318-80BC-17BD1A9C6ACF}"
EndProject
Project("{FAE04EC0-301F-11D3-BF4B-00C04F79EFBC}") = "5.原型模式", "原型模式\5.原型模式.csproj", "{C7AF99B0-6A7E-4FA8-A131-97E3C0147392}"
EndProject
Project("{FAE04EC0-301F-11D3-BF4B-00C04F79EFBC}") = "1.适配器模式", "适配器模式\1.适配器模式.csproj", "{1C95EF93-E933-470C-9FF6-F1EEF5064832}"
EndProject
Project("{FAE04EC0-301F-11D3-BF4B-00C04F79EFBC}") = "2.桥接模式", "桥接模式\2.桥接模式.csproj", "{B6BF28FE-058F-462F-A2BE-6DD2C50DEDE1}"
EndProject
Project("{FAE04EC0-301F-11D3-BF4B-00C04F79EFBC}") = "3.组合模式", "组合模式\3.组合模式.csproj", "{2A401C4B-8578-4D19-8330-D5D6AEC623C7}"
EndProject
Project("{FAE04EC0-301F-11D3-BF4B-00C04F79EFBC}") = "4.装饰模式", "装饰模式\4.装饰模式.csproj", "{0406C9BD-86DB-43A3-AD95-435D819A1ADE}"
EndProject
Project("{FAE04EC0-301F-11D3-BF4B-00C04F79EFBC}") = "5.外观模式", "外观模式\5.外观模式.csproj", "{F5569A59-43DB-4935-B7CC-1CE4A5B1900A}"
EndProject
Project("{FAE04EC0-301F-11D3-BF4B-00C04F79EFBC}") = "6.享元模式", "享元模式\6.享元模式.csproj", "{F00C2EA7-BE53-4AC7-ABC6-CDF8327F5429}"
EndProject
Project("{FAE04EC0-301F-11D3-BF4B-00C04F79EFBC}") = "7.代理模式", "代理模式\7.代理模式.csproj", "{A3815EC7-ADED-4B46-B50F-BD91A36D1049}"
EndProject
Project("{FAE04EC0-301F-11D3-BF4B-00C04F79EFBC}") = "1.职责链模式", "职责链模式\1.职责链模式.csproj", "{DECBAB1D-6B53-4C53-A433-1E85FB3F1862}"
EndProject
Project("{FAE04EC0-301F-11D3-BF4B-00C04F79EFBC}") = "2.观察者模式", "观察者模式\2.观察者模式.csproj", "{8F6F9CE1-4D75-4DA1-BF14-3F3C53765E26}"
EndProject
Project("{FAE04EC0-301F-11D3-BF4B-00C04F79EFBC}") = "3.访问者模式", "访问者模式\3.访问者模式.csproj", "{51C74C86-6E2F-4300-AC87-9899B6FF8060}"
EndProject
Project("{FAE04EC0-301F-11D3-BF4B-00C04F79EFBC}") = "4.模板方法模式", "模板方法模式\4.模板方法模式.csproj", "{9FA24961-D7D9-46DE-9B02-BA44208ED55F}"
EndProject
Global
	GlobalSection(SolutionConfigurationPlatforms) = preSolution
		Debug|Any CPU = Debug|Any CPU
		Release|Any CPU = Release|Any CPU
	EndGlobalSection
	GlobalSection(ProjectConfigurationPlatforms) = postSolution
		{1AF9F948-892D-4EAF-8F68-3EB8FC42C4A3}.Debug|Any CPU.ActiveCfg = Debug|Any CPU
		{1AF9F948-892D-4EAF-8F68-3EB8FC42C4A3}.Debug|Any CPU.Build.0 = Debug|Any CPU
		{1AF9F948-892D-4EAF-8F68-3EB8FC42C4A3}.Release|Any CPU.ActiveCfg = Release|Any CPU
		{1AF9F948-892D-4EAF-8F68-3EB8FC42C4A3}.Release|Any CPU.Build.0 = Release|Any CPU
		{2A519B2A-E1FE-42CD-972F-3EDF5BA5347C}.Debug|Any CPU.ActiveCfg = Debug|Any CPU
		{2A519B2A-E1FE-42CD-972F-3EDF5BA5347C}.Debug|Any CPU.Build.0 = Debug|Any CPU
		{2A519B2A-E1FE-42CD-972F-3EDF5BA5347C}.Release|Any CPU.ActiveCfg = Release|Any CPU
		{2A519B2A-E1FE-42CD-972F-3EDF5BA5347C}.Release|Any CPU.Build.0 = Release|Any CPU
		{F9EE7CC9-605B-4B47-8D6F-BB54117439F9}.Debug|Any CPU.ActiveCfg = Debug|Any CPU
		{F9EE7CC9-605B-4B47-8D6F-BB54117439F9}.Debug|Any CPU.Build.0 = Debug|Any CPU
		{F9EE7CC9-605B-4B47-8D6F-BB54117439F9}.Release|Any CPU.ActiveCfg = Release|Any CPU
		{F9EE7CC9-605B-4B47-8D6F-BB54117439F9}.Release|Any CPU.Build.0 = Release|Any CPU
		{60D7ADEC-3B21-4FCB-BF0C-EAE0A0BE9E77}.Debug|Any CPU.ActiveCfg = Debug|Any CPU
		{60D7ADEC-3B21-4FCB-BF0C-EAE0A0BE9E77}.Debug|Any CPU.Build.0 = Debug|Any CPU
		{60D7ADEC-3B21-4FCB-BF0C-EAE0A0BE9E77}.Release|Any CPU.ActiveCfg = Release|Any CPU
		{60D7ADEC-3B21-4FCB-BF0C-EAE0A0BE9E77}.Release|Any CPU.Build.0 = Release|Any CPU
		{81EA3ACB-EA94-4C3E-A08F-7EE7DCB3340F}.Debug|Any CPU.ActiveCfg = Debug|Any CPU
		{81EA3ACB-EA94-4C3E-A08F-7EE7DCB3340F}.Debug|Any CPU.Build.0 = Debug|Any CPU
		{81EA3ACB-EA94-4C3E-A08F-7EE7DCB3340F}.Release|Any CPU.ActiveCfg = Release|Any CPU
		{81EA3ACB-EA94-4C3E-A08F-7EE7DCB3340F}.Release|Any CPU.Build.0 = Release|Any CPU
		{3ECE8DFC-631A-4318-80BC-17BD1A9C6ACF}.Debug|Any CPU.ActiveCfg = Debug|Any CPU
		{3ECE8DFC-631A-4318-80BC-17BD1A9C6ACF}.Debug|Any CPU.Build.0 = Debug|Any CPU
		{3ECE8DFC-631A-4318-80BC-17BD1A9C6ACF}.Release|Any CPU.ActiveCfg = Release|Any CPU
		{3ECE8DFC-631A-4318-80BC-17BD1A9C6ACF}.Release|Any CPU.Build.0 = Release|Any CPU
		{C7AF99B0-6A7E-4FA8-A131-97E3C0147392}.Debug|Any CPU.ActiveCfg = Debug|Any CPU
		{C7AF99B0-6A7E-4FA8-A131-97E3C0147392}.Debug|Any CPU.Build.0 = Debug|Any CPU
		{C7AF99B0-6A7E-4FA8-A131-97E3C0147392}.Release|Any CPU.ActiveCfg = Release|Any CPU
		{C7AF99B0-6A7E-4FA8-A131-97E3C0147392}.Release|Any CPU.Build.0 = Release|Any CPU
		{1C95EF93-E933-470C-9FF6-F1EEF5064832}.Debug|Any CPU.ActiveCfg = Debug|Any CPU
		{1C95EF93-E933-470C-9FF6-F1EEF5064832}.Debug|Any CPU.Build.0 = Debug|Any CPU
		{1C95EF93-E933-470C-9FF6-F1EEF5064832}.Release|Any CPU.ActiveCfg = Release|Any CPU
		{1C95EF93-E933-470C-9FF6-F1EEF5064832}.Release|Any CPU.Build.0 = Release|Any CPU
		{B6BF28FE-058F-462F-A2BE-6DD2C50DEDE1}.Debug|Any CPU.ActiveCfg = Debug|Any CPU
		{B6BF28FE-058F-462F-A2BE-6DD2C50DEDE1}.Debug|Any CPU.Build.0 = Debug|Any CPU
		{B6BF28FE-058F-462F-A2BE-6DD2C50DEDE1}.Release|Any CPU.ActiveCfg = Release|Any CPU
		{B6BF28FE-058F-462F-A2BE-6DD2C50DEDE1}.Release|Any CPU.Build.0 = Release|Any CPU
		{2A401C4B-8578-4D19-8330-D5D6AEC623C7}.Debug|Any CPU.ActiveCfg = Debug|Any CPU
		{2A401C4B-8578-4D19-8330-D5D6AEC623C7}.Debug|Any CPU.Build.0 = Debug|Any CPU
		{2A401C4B-8578-4D19-8330-D5D6AEC623C7}.Release|Any CPU.ActiveCfg = Release|Any CPU
		{2A401C4B-8578-4D19-8330-D5D6AEC623C7}.Release|Any CPU.Build.0 = Release|Any CPU
		{0406C9BD-86DB-43A3-AD95-435D819A1ADE}.Debug|Any CPU.ActiveCfg = Debug|Any CPU
		{0406C9BD-86DB-43A3-AD95-435D819A1ADE}.Debug|Any CPU.Build.0 = Debug|Any CPU
		{0406C9BD-86DB-43A3-AD95-435D819A1ADE}.Release|Any CPU.ActiveCfg = Release|Any CPU
		{0406C9BD-86DB-43A3-AD95-435D819A1ADE}.Release|Any CPU.Build.0 = Release|Any CPU
		{F5569A59-43DB-4935-B7CC-1CE4A5B1900A}.Debug|Any CPU.ActiveCfg = Debug|Any CPU
		{F5569A59-43DB-4935-B7CC-1CE4A5B1900A}.Debug|Any CPU.Build.0 = Debug|Any CPU
		{F5569A59-43DB-4935-B7CC-1CE4A5B1900A}.Release|Any CPU.ActiveCfg = Release|Any CPU
		{F5569A59-43DB-4935-B7CC-1CE4A5B1900A}.Release|Any CPU.Build.0 = Release|Any CPU
		{F00C2EA7-BE53-4AC7-ABC6-CDF8327F5429}.Debug|Any CPU.ActiveCfg = Debug|Any CPU
		{F00C2EA7-BE53-4AC7-ABC6-CDF8327F5429}.Debug|Any CPU.Build.0 = Debug|Any CPU
		{F00C2EA7-BE53-4AC7-ABC6-CDF8327F5429}.Release|Any CPU.ActiveCfg = Release|Any CPU
		{F00C2EA7-BE53-4AC7-ABC6-CDF8327F5429}.Release|Any CPU.Build.0 = Release|Any CPU
		{A3815EC7-ADED-4B46-B50F-BD91A36D1049}.Debug|Any CPU.ActiveCfg = Debug|Any CPU
		{A3815EC7-ADED-4B46-B50F-BD91A36D1049}.Debug|Any CPU.Build.0 = Debug|Any CPU
		{A3815EC7-ADED-4B46-B50F-BD91A36D1049}.Release|Any CPU.ActiveCfg = Release|Any CPU
		{A3815EC7-ADED-4B46-B50F-BD91A36D1049}.Release|Any CPU.Build.0 = Release|Any CPU
		{DECBAB1D-6B53-4C53-A433-1E85FB3F1862}.Debug|Any CPU.ActiveCfg = Debug|Any CPU
		{DECBAB1D-6B53-4C53-A433-1E85FB3F1862}.Debug|Any CPU.Build.0 = Debug|Any CPU
		{DECBAB1D-6B53-4C53-A433-1E85FB3F1862}.Release|Any CPU.ActiveCfg = Release|Any CPU
		{DECBAB1D-6B53-4C53-A433-1E85FB3F1862}.Release|Any CPU.Build.0 = Release|Any CPU
		{8F6F9CE1-4D75-4DA1-BF14-3F3C53765E26}.Debug|Any CPU.ActiveCfg = Debug|Any CPU
		{8F6F9CE1-4D75-4DA1-BF14-3F3C53765E26}.Debug|Any CPU.Build.0 = Debug|Any CPU
		{8F6F9CE1-4D75-4DA1-BF14-3F3C53765E26}.Release|Any CPU.ActiveCfg = Release|Any CPU
		{8F6F9CE1-4D75-4DA1-BF14-3F3C53765E26}.Release|Any CPU.Build.0 = Release|Any CPU
		{51C74C86-6E2F-4300-AC87-9899B6FF8060}.Debug|Any CPU.ActiveCfg = Debug|Any CPU
		{51C74C86-6E2F-4300-AC87-9899B6FF8060}.Debug|Any CPU.Build.0 = Debug|Any CPU
		{51C74C86-6E2F-4300-AC87-9899B6FF8060}.Release|Any CPU.ActiveCfg = Release|Any CPU
		{51C74C86-6E2F-4300-AC87-9899B6FF8060}.Release|Any CPU.Build.0 = Release|Any CPU
		{9FA24961-D7D9-46DE-9B02-BA44208ED55F}.Debug|Any CPU.ActiveCfg = Debug|Any CPU
		{9FA24961-D7D9-46DE-9B02-BA44208ED55F}.Debug|Any CPU.Build.0 = Debug|Any CPU
		{9FA24961-D7D9-46DE-9B02-BA44208ED55F}.Release|Any CPU.ActiveCfg = Release|Any CPU
		{9FA24961-D7D9-46DE-9B02-BA44208ED55F}.Release|Any CPU.Build.0 = Release|Any CPU
	EndGlobalSection
	GlobalSection(SolutionProperties) = preSolution
		HideSolutionNode = FALSE
	EndGlobalSection
	GlobalSection(NestedProjects) = preSolution
		{1AF9F948-892D-4EAF-8F68-3EB8FC42C4A3} = {8F3850D9-819F-4B17-BAA2-B5FAC67769E1}
		{2A519B2A-E1FE-42CD-972F-3EDF5BA5347C} = {8F3850D9-819F-4B17-BAA2-B5FAC67769E1}
		{F9EE7CC9-605B-4B47-8D6F-BB54117439F9} = {8F3850D9-819F-4B17-BAA2-B5FAC67769E1}
		{60D7ADEC-3B21-4FCB-BF0C-EAE0A0BE9E77} = {8F3850D9-819F-4B17-BAA2-B5FAC67769E1}
		{81EA3ACB-EA94-4C3E-A08F-7EE7DCB3340F} = {8F3850D9-819F-4B17-BAA2-B5FAC67769E1}
		{C7AF99B0-6A7E-4FA8-A131-97E3C0147392} = {8F3850D9-819F-4B17-BAA2-B5FAC67769E1}
		{1C95EF93-E933-470C-9FF6-F1EEF5064832} = {A4695F6A-32FF-4388-AF7A-75051ACD714D}
		{B6BF28FE-058F-462F-A2BE-6DD2C50DEDE1} = {A4695F6A-32FF-4388-AF7A-75051ACD714D}
		{2A401C4B-8578-4D19-8330-D5D6AEC623C7} = {A4695F6A-32FF-4388-AF7A-75051ACD714D}
		{0406C9BD-86DB-43A3-AD95-435D819A1ADE} = {A4695F6A-32FF-4388-AF7A-75051ACD714D}
		{F5569A59-43DB-4935-B7CC-1CE4A5B1900A} = {A4695F6A-32FF-4388-AF7A-75051ACD714D}
		{F00C2EA7-BE53-4AC7-ABC6-CDF8327F5429} = {A4695F6A-32FF-4388-AF7A-75051ACD714D}
		{A3815EC7-ADED-4B46-B50F-BD91A36D1049} = {A4695F6A-32FF-4388-AF7A-75051ACD714D}
		{DECBAB1D-6B53-4C53-A433-1E85FB3F1862} = {66E66ED2-289E-4F1D-8256-298E0EF1DD40}
		{8F6F9CE1-4D75-4DA1-BF14-3F3C53765E26} = {66E66ED2-289E-4F1D-8256-298E0EF1DD40}
		{51C74C86-6E2F-4300-AC87-9899B6FF8060} = {66E66ED2-289E-4F1D-8256-298E0EF1DD40}
		{9FA24961-D7D9-46DE-9B02-BA44208ED55F} = {66E66ED2-289E-4F1D-8256-298E0EF1DD40}
	EndGlobalSection
EndGlobal
